
Microsoft Visual Studio Solution File, Format Version 12.00
# Visual Studio 15
Project("{FAE04EC0-301F-11D3-BF4B-00C04F79EFBC}") = "ball rolling", "ball rolling.csproj", "{2CDA5389-636C-DE09-8BD4-1EF1694C742D}"
EndProject
Global
	GlobalSection(SolutionConfigurationPlatforms) = preSolution
		Debug|Any CPU = Debug|Any CPU
		Release|Any CPU = Release|Any CPU
	EndGlobalSection
	GlobalSection(ProjectConfigurationPlatforms) = postSolution
		{2CDA5389-636C-DE09-8BD4-1EF1694C742D}.Debug|Any CPU.ActiveCfg = Debug|Any CPU
		{2CDA5389-636C-DE09-8BD4-1EF1694C742D}.Debug|Any CPU.Build.0 = Debug|Any CPU
		{2CDA5389-636C-DE09-8BD4-1EF1694C742D}.Release|Any CPU.ActiveCfg = Release|Any CPU
		{2CDA5389-636C-DE09-8BD4-1EF1694C742D}.Release|Any CPU.Build.0 = Release|Any CPU
	EndGlobalSection
	GlobalSection(SolutionProperties) = preSolution
		HideSolutionNode = FALSE
	EndGlobalSection
EndGlobal
